
Microsoft Visual Studio Solution File, Format Version 12.00
# Visual Studio Version 17
VisualStudioVersion = 17.7.34031.279
MinimumVisualStudioVersion = 10.0.40219.1
Project("{FAE04EC0-301F-11D3-BF4B-00C04F79EFBC}") = "sheet", "sheet\sheet.csproj", "{C6DE36A5-67AF-443D-B580-1069605BE4DF}"
EndProject
Global
	GlobalSection(SolutionConfigurationPlatforms) = preSolution
		Debug|Any CPU = Debug|Any CPU
		Release|Any CPU = Release|Any CPU
	EndGlobalSection
	GlobalSection(ProjectConfigurationPlatforms) = postSolution
		{C6DE36A5-67AF-443D-B580-1069605BE4DF}.Debug|Any CPU.ActiveCfg = Debug|Any CPU
		{C6DE36A5-67AF-443D-B580-1069605BE4DF}.Debug|Any CPU.Build.0 = Debug|Any CPU
		{C6DE36A5-67AF-443D-B580-1069605BE4DF}.Release|Any CPU.ActiveCfg = Release|Any CPU
		{C6DE36A5-67AF-443D-B580-1069605BE4DF}.Release|Any CPU.Build.0 = Release|Any CPU
	EndGlobalSection
	GlobalSection(SolutionProperties) = preSolution
		HideSolutionNode = FALSE
	EndGlobalSection
	GlobalSection(ExtensibilityGlobals) = postSolution
		SolutionGuid = {84A29711-112B-4E57-A708-953F25CA1F13}
	EndGlobalSection
EndGlobal
